// !$*UTF8*$!
{
	archiveVersion = 1;
	classes = {
	};
	objectVersion = 55;
	objects = {

/* Begin PBXBuildFile section */
		18531C9D2710D5E200C1FECC /* LoyalitySystemApp.swift in Sources */ = {isa = PBXBuildFile; fileRef = 18531C9C2710D5E200C1FECC /* LoyalitySystemApp.swift */; };
		18531C9F2710D5E200C1FECC /* ContentView.swift in Sources */ = {isa = PBXBuildFile; fileRef = 18531C9E2710D5E200C1FECC /* ContentView.swift */; };
		18531CA12710D5E400C1FECC /* Assets.xcassets in Resources */ = {isa = PBXBuildFile; fileRef = 18531CA02710D5E400C1FECC /* Assets.xcassets */; };
		18531CA42710D5E400C1FECC /* Preview Assets.xcassets in Resources */ = {isa = PBXBuildFile; fileRef = 18531CA32710D5E400C1FECC /* Preview Assets.xcassets */; };
		18531CAC2710D66F00C1FECC /* LoyalityModel.swift in Sources */ = {isa = PBXBuildFile; fileRef = 18531CAB2710D66F00C1FECC /* LoyalityModel.swift */; };
		18531CAE2710D68600C1FECC /* LoyalityView.swift in Sources */ = {isa = PBXBuildFile; fileRef = 18531CAD2710D68600C1FECC /* LoyalityView.swift */; };
		18531CB12710D92500C1FECC /* LogInModel.swift in Sources */ = {isa = PBXBuildFile; fileRef = 18531CB02710D92500C1FECC /* LogInModel.swift */; };
		18531CB32710D93000C1FECC /* LogInView.swift in Sources */ = {isa = PBXBuildFile; fileRef = 18531CB22710D93000C1FECC /* LogInView.swift */; };
		18531CB72710E14200C1FECC /* GoogleService-Info.plist in Resources */ = {isa = PBXBuildFile; fileRef = 18531CB62710E14200C1FECC /* GoogleService-Info.plist */; };
		1EE5E77E019FECB83B0037F7 /* Pods_LoyalitySystem.framework in Frameworks */ = {isa = PBXBuildFile; fileRef = 65DBAA46C05D777351B61F26 /* Pods_LoyalitySystem.framework */; };
/* End PBXBuildFile section */

/* Begin PBXFileReference section */
		18531C992710D5E200C1FECC /* LoyalitySystem.app */ = {isa = PBXFileReference; explicitFileType = wrapper.application; includeInIndex = 0; path = LoyalitySystem.app; sourceTree = BUILT_PRODUCTS_DIR; };
		18531C9C2710D5E200C1FECC /* LoyalitySystemApp.swift */ = {isa = PBXFileReference; lastKnownFileType = sourcecode.swift; path = LoyalitySystemApp.swift; sourceTree = "<group>"; };
		18531C9E2710D5E200C1FECC /* ContentView.swift */ = {isa = PBXFileReference; lastKnownFileType = sourcecode.swift; path = ContentView.swift; sourceTree = "<group>"; };
		18531CA02710D5E400C1FECC /* Assets.xcassets */ = {isa = PBXFileReference; lastKnownFileType = folder.assetcatalog; path = Assets.xcassets; sourceTree = "<group>"; };
		18531CA32710D5E400C1FECC /* Preview Assets.xcassets */ = {isa = PBXFileReference; lastKnownFileType = folder.assetcatalog; path = "Preview Assets.xcassets"; sourceTree = "<group>"; };
		18531CAB2710D66F00C1FECC /* LoyalityModel.swift */ = {isa = PBXFileReference; lastKnownFileType = sourcecode.swift; path = LoyalityModel.swift; sourceTree = "<group>"; };
		18531CAD2710D68600C1FECC /* LoyalityView.swift */ = {isa = PBXFileReference; lastKnownFileType = sourcecode.swift; path = LoyalityView.swift; sourceTree = "<group>"; };
		18531CB02710D92500C1FECC /* LogInModel.swift */ = {isa = PBXFileReference; lastKnownFileType = sourcecode.swift; path = LogInModel.swift; sourceTree = "<group>"; };
		18531CB22710D93000C1FECC /* LogInView.swift */ = {isa = PBXFileReference; lastKnownFileType = sourcecode.swift; path = LogInView.swift; sourceTree = "<group>"; };
		18531CB42710E01700C1FECC /* Info.plist */ = {isa = PBXFileReference; fileEncoding = 4; lastKnownFileType = text.plist.xml; name = Info.plist; path = ../../../../Downloads/DLogin/DLogin/Info.plist; sourceTree = "<group>"; };
		18531CB62710E14200C1FECC /* GoogleService-Info.plist */ = {isa = PBXFileReference; fileEncoding = 4; lastKnownFileType = text.plist.xml; name = "GoogleService-Info.plist"; path = "../../../../Downloads/GoogleService-Info.plist"; sourceTree = "<group>"; };
		65DBAA46C05D777351B61F26 /* Pods_LoyalitySystem.framework */ = {isa = PBXFileReference; explicitFileType = wrapper.framework; includeInIndex = 0; path = Pods_LoyalitySystem.framework; sourceTree = BUILT_PRODUCTS_DIR; };
		C90B439009136B1CDA58F380 /* Pods-LoyalitySystem.release.xcconfig */ = {isa = PBXFileReference; includeInIndex = 1; lastKnownFileType = text.xcconfig; name = "Pods-LoyalitySystem.release.xcconfig"; path = "Target Support Files/Pods-LoyalitySystem/Pods-LoyalitySystem.release.xcconfig"; sourceTree = "<group>"; };
		E5DC4A8078E758B3C32AF7CD /* Pods-LoyalitySystem.debug.xcconfig */ = {isa = PBXFileReference; includeInIndex = 1; lastKnownFileType = text.xcconfig; name = "Pods-LoyalitySystem.debug.xcconfig"; path = "Target Support Files/Pods-LoyalitySystem/Pods-LoyalitySystem.debug.xcconfig"; sourceTree = "<group>"; };
/* End PBXFileReference section */

/* Begin PBXFrameworksBuildPhase section */
		18531C962710D5E200C1FECC /* Frameworks */ = {
			isa = PBXFrameworksBuildPhase;
			buildActionMask = 2147483647;
			files = (
				1EE5E77E019FECB83B0037F7 /* Pods_LoyalitySystem.framework in Frameworks */,
			);
			runOnlyForDeploymentPostprocessing = 0;
		};
/* End PBXFrameworksBuildPhase section */

/* Begin PBXGroup section */
		18531C902710D5E200C1FECC = {
			isa = PBXGroup;
			children = (
				18531C9B2710D5E200C1FECC /* LoyalitySystem */,
				18531C9A2710D5E200C1FECC /* Products */,
				5A37EF7110A4B3C74EBA1611 /* Pods */,
				AA9DAD678C5B315DA85206A7 /* Frameworks */,
			);
			sourceTree = "<group>";
		};
		18531C9A2710D5E200C1FECC /* Products */ = {
			isa = PBXGroup;
			children = (
				18531C992710D5E200C1FECC /* LoyalitySystem.app */,
			);
			name = Products;
			sourceTree = "<group>";
		};
		18531C9B2710D5E200C1FECC /* LoyalitySystem */ = {
			isa = PBXGroup;
			children = (
				18531CAF2710D86900C1FECC /* LogIn */,
				18531CAA2710D63800C1FECC /* LoyalityDate */,
				18531C9C2710D5E200C1FECC /* LoyalitySystemApp.swift */,
				18531C9E2710D5E200C1FECC /* ContentView.swift */,
				18531CB62710E14200C1FECC /* GoogleService-Info.plist */,
				18531CB42710E01700C1FECC /* Info.plist */,
				18531CA02710D5E400C1FECC /* Assets.xcassets */,
				18531CA22710D5E400C1FECC /* Preview Content */,
			);
			path = LoyalitySystem;
			sourceTree = "<group>";
		};
		18531CA22710D5E400C1FECC /* Preview Content */ = {
			isa = PBXGroup;
			children = (
				18531CA32710D5E400C1FECC /* Preview Assets.xcassets */,
			);
			path = "Preview Content";
			sourceTree = "<group>";
		};
		18531CAA2710D63800C1FECC /* LoyalityDate */ = {
			isa = PBXGroup;
			children = (
				18531CAB2710D66F00C1FECC /* LoyalityModel.swift */,
				18531CAD2710D68600C1FECC /* LoyalityView.swift */,
			);
			path = LoyalityDate;
			sourceTree = "<group>";
		};
		18531CAF2710D86900C1FECC /* LogIn */ = {
			isa = PBXGroup;
			children = (
				18531CB02710D92500C1FECC /* LogInModel.swift */,
				18531CB22710D93000C1FECC /* LogInView.swift */,
			);
			path = LogIn;
			sourceTree = "<group>";
		};
		5A37EF7110A4B3C74EBA1611 /* Pods */ = {
			isa = PBXGroup;
			children = (
				E5DC4A8078E758B3C32AF7CD /* Pods-LoyalitySystem.debug.xcconfig */,
				C90B439009136B1CDA58F380 /* Pods-LoyalitySystem.release.xcconfig */,
			);
			path = Pods;
			sourceTree = "<group>";
		};
		AA9DAD678C5B315DA85206A7 /* Frameworks */ = {
			isa = PBXGroup;
			children = (
				65DBAA46C05D777351B61F26 /* Pods_LoyalitySystem.framework */,
			);
			name = Frameworks;
			sourceTree = "<group>";
		};
/* End PBXGroup section */

/* Begin PBXNativeTarget section */
		18531C982710D5E200C1FECC /* LoyalitySystem */ = {
			isa = PBXNativeTarget;
			buildConfigurationList = 18531CA72710D5E400C1FECC /* Build configuration list for PBXNativeTarget "LoyalitySystem" */;
			buildPhases = (
				F4F0A3EBD0F3B5BD7259AAEE /* [CP] Check Pods Manifest.lock */,
				18531C952710D5E200C1FECC /* Sources */,
				18531C962710D5E200C1FECC /* Frameworks */,
				18531C972710D5E200C1FECC /* Resources */,
				449754D4CC8134C955CA10F9 /* [CP] Embed Pods Frameworks */,
			);
			buildRules = (
			);
			dependencies = (
			);
			name = LoyalitySystem;
			productName = LoyalitySystem;
			productReference = 18531C992710D5E200C1FECC /* LoyalitySystem.app */;
			productType = "com.apple.product-type.application";
		};
/* End PBXNativeTarget section */

/* Begin PBXProject section */
		18531C912710D5E200C1FECC /* Project object */ = {
			isa = PBXProject;
			attributes = {
				BuildIndependentTargetsInParallel = 1;
				LastSwiftUpdateCheck = 1300;
				LastUpgradeCheck = 1300;
				TargetAttributes = {
					18531C982710D5E200C1FECC = {
						CreatedOnToolsVersion = 13.0;
					};
				};
			};
			buildConfigurationList = 18531C942710D5E200C1FECC /* Build configuration list for PBXProject "LoyalitySystem" */;
			compatibilityVersion = "Xcode 13.0";
			developmentRegion = en;
			hasScannedForEncodings = 0;
			knownRegions = (
				en,
				Base,
			);
			mainGroup = 18531C902710D5E200C1FECC;
			productRefGroup = 18531C9A2710D5E200C1FECC /* Products */;
			projectDirPath = "";
			projectRoot = "";
			targets = (
				18531C982710D5E200C1FECC /* LoyalitySystem */,
			);
		};
/* End PBXProject section */

/* Begin PBXResourcesBuildPhase section */
		18531C972710D5E200C1FECC /* Resources */ = {
			isa = PBXResourcesBuildPhase;
			buildActionMask = 2147483647;
			files = (
				18531CA42710D5E400C1FECC /* Preview Assets.xcassets in Resources */,
				18531CB72710E14200C1FECC /* GoogleService-Info.plist in Resources */,
				18531CA12710D5E400C1FECC /* Assets.xcassets in Resources */,
			);
			runOnlyForDeploymentPostprocessing = 0;
		};
/* End PBXResourcesBuildPhase section */

/* Begin PBXShellScriptBuildPhase section */
		449754D4CC8134C955CA10F9 /* [CP] Embed Pods Frameworks */ = {
			isa = PBXShellScriptBuildPhase;
			buildActionMask = 2147483647;
			files = (
			);
			inputFileListPaths = (
				"${PODS_ROOT}/Target Support Files/Pods-LoyalitySystem/Pods-LoyalitySystem-frameworks-${CONFIGURATION}-input-files.xcfilelist",
			);
			name = "[CP] Embed Pods Frameworks";
			outputFileListPaths = (
				"${PODS_ROOT}/Target Support Files/Pods-LoyalitySystem/Pods-LoyalitySystem-frameworks-${CONFIGURATION}-output-files.xcfilelist",
			);
			runOnlyForDeploymentPostprocessing = 0;
			shellPath = /bin/sh;
			shellScript = "\"${PODS_ROOT}/Target Support Files/Pods-LoyalitySystem/Pods-LoyalitySystem-frameworks.sh\"\n";
			showEnvVarsInLog = 0;
		};
		F4F0A3EBD0F3B5BD7259AAEE /* [CP] Check Pods Manifest.lock */ = {
			isa = PBXShellScriptBuildPhase;
			buildActionMask = 2147483647;
			files = (
			);
			inputFileListPaths = (
			);
			inputPaths = (
				"${PODS_PODFILE_DIR_PATH}/Podfile.lock",
				"${PODS_ROOT}/Manifest.lock",
			);
			name = "[CP] Check Pods Manifest.lock";
			outputFileListPaths = (
			);
			outputPaths = (
				"$(DERIVED_FILE_DIR)/Pods-LoyalitySystem-checkManifestLockResult.txt",
			);
			runOnlyForDeploymentPostprocessing = 0;
			shellPath = /bin/sh;
			shellScript = "diff \"${PODS_PODFILE_DIR_PATH}/Podfile.lock\" \"${PODS_ROOT}/Manifest.lock\" > /dev/null\nif [ $? != 0 ] ; then\n    # print error to STDERR\n    echo \"error: The sandbox is not in sync with the Podfile.lock. Run 'pod install' or update your CocoaPods installation.\" >&2\n    exit 1\nfi\n# This output is used by Xcode 'outputs' to avoid re-running this script phase.\necho \"SUCCESS\" > \"${SCRIPT_OUTPUT_FILE_0}\"\n";
			showEnvVarsInLog = 0;
		};
/* End PBXShellScriptBuildPhase section */

/* Begin PBXSourcesBuildPhase section */
		18531C952710D5E200C1FECC /* Sources */ = {
			isa = PBXSourcesBuildPhase;
			buildActionMask = 2147483647;
			files = (
				18531CB32710D93000C1FECC /* LogInView.swift in Sources */,
				18531CAC2710D66F00C1FECC /* LoyalityModel.swift in Sources */,
				18531CB12710D92500C1FECC /* LogInModel.swift in Sources */,
				18531C9F2710D5E200C1FECC /* ContentView.swift in Sources */,
				18531C9D2710D5E200C1FECC /* LoyalitySystemApp.swift in Sources */,
				18531CAE2710D68600C1FECC /* LoyalityView.swift in Sources */,
			);
			runOnlyForDeploymentPostprocessing = 0;
		};
/* End PBXSourcesBuildPhase section */

/* Begin XCBuildConfiguration section */
		18531CA52710D5E400C1FECC /* Debug */ = {
			isa = XCBuildConfiguration;
			buildSettings = {
				ALWAYS_SEARCH_USER_PATHS = NO;
				CLANG_ANALYZER_NONNULL = YES;
				CLANG_ANALYZER_NUMBER_OBJECT_CONVERSION = YES_AGGRESSIVE;
				CLANG_CXX_LANGUAGE_STANDARD = "gnu++17";
				CLANG_CXX_LIBRARY = "libc++";
				CLANG_ENABLE_MODULES = YES;
				CLANG_ENABLE_OBJC_ARC = YES;
				CLANG_ENABLE_OBJC_WEAK = YES;
				CLANG_WARN_BLOCK_CAPTURE_AUTORELEASING = YES;
				CLANG_WARN_BOOL_CONVERSION = YES;
				CLANG_WARN_COMMA = YES;
				CLANG_WARN_CONSTANT_CONVERSION = YES;
				CLANG_WARN_DEPRECATED_OBJC_IMPLEMENTATIONS = YES;
				CLANG_WARN_DIRECT_OBJC_ISA_USAGE = YES_ERROR;
				CLANG_WARN_DOCUMENTATION_COMMENTS = YES;
				CLANG_WARN_EMPTY_BODY = YES;
				CLANG_WARN_ENUM_CONVERSION = YES;
				CLANG_WARN_INFINITE_RECURSION = YES;
				CLANG_WARN_INT_CONVERSION = YES;
				CLANG_WARN_NON_LITERAL_NULL_CONVERSION = YES;
				CLANG_WARN_OBJC_IMPLICIT_RETAIN_SELF = YES;
				CLANG_WARN_OBJC_LITERAL_CONVERSION = YES;
				CLANG_WARN_OBJC_ROOT_CLASS = YES_ERROR;
				CLANG_WARN_QUOTED_INCLUDE_IN_FRAMEWORK_HEADER = YES;
				CLANG_WARN_RANGE_LOOP_ANALYSIS = YES;
				CLANG_WARN_STRICT_PROTOTYPES = YES;
				CLANG_WARN_SUSPICIOUS_MOVE = YES;
				CLANG_WARN_UNGUARDED_AVAILABILITY = YES_AGGRESSIVE;
				CLANG_WARN_UNREACHABLE_CODE = YES;
				CLANG_WARN__DUPLICATE_METHOD_MATCH = YES;
				COPY_PHASE_STRIP = NO;
				DEBUG_INFORMATION_FORMAT = dwarf;
				ENABLE_STRICT_OBJC_MSGSEND = YES;
				ENABLE_TESTABILITY = YES;
				GCC_C_LANGUAGE_STANDARD = gnu11;
				GCC_DYNAMIC_NO_PIC = NO;
				GCC_NO_COMMON_BLOCKS = YES;
				GCC_OPTIMIZATION_LEVEL = 0;
				GCC_PREPROCESSOR_DEFINITIONS = (
					"DEBUG=1",
					"$(inherited)",
				);
				GCC_WARN_64_TO_32_BIT_CONVERSION = YES;
				GCC_WARN_ABOUT_RETURN_TYPE = YES_ERROR;
				GCC_WARN_UNDECLARED_SELECTOR = YES;
				GCC_WARN_UNINITIALIZED_AUTOS = YES_AGGRESSIVE;
				GCC_WARN_UNUSED_FUNCTION = YES;
				GCC_WARN_UNUSED_VARIABLE = YES;
				IPHONEOS_DEPLOYMENT_TARGET = 15.0;
				MTL_ENABLE_DEBUG_INFO = INCLUDE_SOURCE;
				MTL_FAST_MATH = YES;
				ONLY_ACTIVE_ARCH = YES;
				SDKROOT = iphoneos;
				SWIFT_ACTIVE_COMPILATION_CONDITIONS = DEBUG;
				SWIFT_OPTIMIZATION_LEVEL = "-Onone";
			};
			name = Debug;
		};
		18531CA62710D5E400C1FECC /* Release */ = {
			isa = XCBuildConfiguration;
			buildSettings = {
				ALWAYS_SEARCH_USER_PATHS = NO;
				CLANG_ANALYZER_NONNULL = YES;
				CLANG_ANALYZER_NUMBER_OBJECT_CONVERSION = YES_AGGRESSIVE;
				CLANG_CXX_LANGUAGE_STANDARD = "gnu++17";
				CLANG_CXX_LIBRARY = "libc++";
				CLANG_ENABLE_MODULES = YES;
				CLANG_ENABLE_OBJC_ARC = YES;
				CLANG_ENABLE_OBJC_WEAK = YES;
				CLANG_WARN_BLOCK_CAPTURE_AUTORELEASING = YES;
				CLANG_WARN_BOOL_CONVERSION = YES;
				CLANG_WARN_COMMA = YES;
				CLANG_WARN_CONSTANT_CONVERSION = YES;
				CLANG_WARN_DEPRECATED_OBJC_IMPLEMENTATIONS = YES;
				CLANG_WARN_DIRECT_OBJC_ISA_USAGE = YES_ERROR;
				CLANG_WARN_DOCUMENTATION_COMMENTS = YES;
				CLANG_WARN_EMPTY_BODY = YES;
				CLANG_WARN_ENUM_CONVERSION = YES;
				CLANG_WARN_INFINITE_RECURSION = YES;
				CLANG_WARN_INT_CONVERSION = YES;
				CLANG_WARN_NON_LITERAL_NULL_CONVERSION = YES;
				CLANG_WARN_OBJC_IMPLICIT_RETAIN_SELF = YES;
				CLANG_WARN_OBJC_LITERAL_CONVERSION = YES;
				CLANG_WARN_OBJC_ROOT_CLASS = YES_ERROR;
				CLANG_WARN_QUOTED_INCLUDE_IN_FRAMEWORK_HEADER = YES;
				CLANG_WARN_RANGE_LOOP_ANALYSIS = YES;
				CLANG_WARN_STRICT_PROTOTYPES = YES;
				CLANG_WARN_SUSPICIOUS_MOVE = YES;
				CLANG_WARN_UNGUARDED_AVAILABILITY = YES_AGGRESSIVE;
				CLANG_WARN_UNREACHABLE_CODE = YES;
				CLANG_WARN__DUPLICATE_METHOD_MATCH = YES;
				COPY_PHASE_STRIP = NO;
				DEBUG_INFORMATION_FORMAT = "dwarf-with-dsym";
				ENABLE_NS_ASSERTIONS = NO;
				ENABLE_STRICT_OBJC_MSGSEND = YES;
				GCC_C_LANGUAGE_STANDARD = gnu11;
				GCC_NO_COMMON_BLOCKS = YES;
				GCC_WARN_64_TO_32_BIT_CONVERSION = YES;
				GCC_WARN_ABOUT_RETURN_TYPE = YES_ERROR;
				GCC_WARN_UNDECLARED_SELECTOR = YES;
				GCC_WARN_UNINITIALIZED_AUTOS = YES_AGGRESSIVE;
				GCC_WARN_UNUSED_FUNCTION = YES;
				GCC_WARN_UNUSED_VARIABLE = YES;
				IPHONEOS_DEPLOYMENT_TARGET = 15.0;
				MTL_ENABLE_DEBUG_INFO = NO;
				MTL_FAST_MATH = YES;
				SDKROOT = iphoneos;
				SWIFT_COMPILATION_MODE = wholemodule;
				SWIFT_OPTIMIZATION_LEVEL = "-O";
				VALIDATE_PRODUCT = YES;
			};
			name = Release;
		};
		18531CA82710D5E400C1FECC /* Debug */ = {
			isa = XCBuildConfiguration;
			baseConfigurationReference = E5DC4A8078E758B3C32AF7CD /* Pods-LoyalitySystem.debug.xcconfig */;
			buildSettings = {
				ASSETCATALOG_COMPILER_APPICON_NAME = AppIcon;
				ASSETCATALOG_COMPILER_GLOBAL_ACCENT_COLOR_NAME = AccentColor;
				CODE_SIGN_STYLE = Automatic;
				CURRENT_PROJECT_VERSION = 1;
				DEVELOPMENT_ASSET_PATHS = "\"LoyalitySystem/Preview Content\"";
				DEVELOPMENT_TEAM = 38TGZAX645;
				ENABLE_PREVIEWS = YES;
				GENERATE_INFOPLIST_FILE = YES;
				INFOPLIST_KEY_UIApplicationSceneManifest_Generation = YES;
				INFOPLIST_KEY_UIApplicationSupportsIndirectInputEvents = YES;
				INFOPLIST_KEY_UILaunchScreen_Generation = YES;
				INFOPLIST_KEY_UISupportedInterfaceOrientations_iPad = "UIInterfaceOrientationPortrait UIInterfaceOrientationPortraitUpsideDown UIInterfaceOrientationLandscapeLeft UIInterfaceOrientationLandscapeRight";
				INFOPLIST_KEY_UISupportedInterfaceOrientations_iPhone = "UIInterfaceOrientationPortrait UIInterfaceOrientationLandscapeLeft UIInterfaceOrientationLandscapeRight";
				IPHONEOS_DEPLOYMENT_TARGET = 14.0;
				LD_RUNPATH_SEARCH_PATHS = (
					"$(inherited)",
					"@executable_path/Frameworks",
				);
				MARKETING_VERSION = 1.0;
				PRODUCT_BUNDLE_IDENTIFIER = FilyaevIlyaApp.LoyalitySystem;
				PRODUCT_NAME = "$(TARGET_NAME)";
				SWIFT_EMIT_LOC_STRINGS = YES;
				SWIFT_VERSION = 5.0;
				TARGETED_DEVICE_FAMILY = "1,2";
			};
			name = Debug;
		};
		18531CA92710D5E400C1FECC /* Release */ = {
			isa = XCBuildConfiguration;
			baseConfigurationReference = C90B439009136B1CDA58F380 /* Pods-LoyalitySystem.release.xcconfig */;
			buildSettings = {
				ASSETCATALOG_COMPILER_APPICON_NAME = AppIcon;
				ASSETCATALOG_COMPILER_GLOBAL_ACCENT_COLOR_NAME = AccentColor;
				CODE_SIGN_STYLE = Automatic;
				CURRENT_PROJECT_VERSION = 1;
				DEVELOPMENT_ASSET_PATHS = "\"LoyalitySystem/Preview Content\"";
				DEVELOPMENT_TEAM = 38TGZAX645;
				ENABLE_PREVIEWS = YES;
				GENERATE_INFOPLIST_FILE = YES;
				INFOPLIST_KEY_UIApplicationSceneManifest_Generation = YES;
				INFOPLIST_KEY_UIApplicationSupportsIndirectInputEvents = YES;
				INFOPLIST_KEY_UILaunchScreen_Generation = YES;
				INFOPLIST_KEY_UISupportedInterfaceOrientations_iPad = "UIInterfaceOrientationPortrait UIInterfaceOrientationPortraitUpsideDown UIInterfaceOrientationLandscapeLeft UIInterfaceOrientationLandscapeRight";
				INFOPLIST_KEY_UISupportedInterfaceOrientations_iPhone = "UIInterfaceOrientationPortrait UIInterfaceOrientationLandscapeLeft UIInterfaceOrientationLandscapeRight";
				IPHONEOS_DEPLOYMENT_TARGET = 14.0;
				LD_RUNPATH_SEARCH_PATHS = (
					"$(inherited)",
					"@executable_path/Frameworks",
				);
				MARKETING_VERSION = 1.0;
				PRODUCT_BUNDLE_IDENTIFIER = FilyaevIlyaApp.LoyalitySystem;
				PRODUCT_NAME = "$(TARGET_NAME)";
				SWIFT_EMIT_LOC_STRINGS = YES;
				SWIFT_VERSION = 5.0;
				TARGETED_DEVICE_FAMILY = "1,2";
			};
			name = Release;
		};
/* End XCBuildConfiguration section */

/* Begin XCConfigurationList section */
		18531C942710D5E200C1FECC /* Build configuration list for PBXProject "LoyalitySystem" */ = {
			isa = XCConfigurationList;
			buildConfigurations = (
				18531CA52710D5E400C1FECC /* Debug */,
				18531CA62710D5E400C1FECC /* Release */,
			);
			defaultConfigurationIsVisible = 0;
			defaultConfigurationName = Release;
		};
		18531CA72710D5E400C1FECC /* Build configuration list for PBXNativeTarget "LoyalitySystem" */ = {
			isa = XCConfigurationList;
			buildConfigurations = (
				18531CA82710D5E400C1FECC /* Debug */,
				18531CA92710D5E400C1FECC /* Release */,
			);
			defaultConfigurationIsVisible = 0;
			defaultConfigurationName = Release;
		};
/* End XCConfigurationList section */
	};
	rootObject = 18531C912710D5E200C1FECC /* Project object */;
}
